
Microsoft Visual Studio Solution File, Format Version 12.00
# Visual Studio Version 17
VisualStudioVersion = 17.3.32929.385
MinimumVisualStudioVersion = 10.0.40219.1
Project("{FAE04EC0-301F-11D3-BF4B-00C04F79EFBC}") = "Şifreleme Algoritmaları", "Şifreleme Algoritmaları\Şifreleme Algoritmaları.csproj", "{764E0F50-B049-4C82-8267-8081659C7E51}"
EndProject
Global
	GlobalSection(SolutionConfigurationPlatforms) = preSolution
		Debug|Any CPU = Debug|Any CPU
		Release|Any CPU = Release|Any CPU
	EndGlobalSection
	GlobalSection(ProjectConfigurationPlatforms) = postSolution
		{764E0F50-B049-4C82-8267-8081659C7E51}.Debug|Any CPU.ActiveCfg = Debug|Any CPU
		{764E0F50-B049-4C82-8267-8081659C7E51}.Debug|Any CPU.Build.0 = Debug|Any CPU
		{764E0F50-B049-4C82-8267-8081659C7E51}.Release|Any CPU.ActiveCfg = Release|Any CPU
		{764E0F50-B049-4C82-8267-8081659C7E51}.Release|Any CPU.Build.0 = Release|Any CPU
	EndGlobalSection
	GlobalSection(SolutionProperties) = preSolution
		HideSolutionNode = FALSE
	EndGlobalSection
	GlobalSection(ExtensibilityGlobals) = postSolution
		SolutionGuid = {622D1C79-F357-4BF8-9C00-35002EE0C6A6}
	EndGlobalSection
EndGlobal
